PODS:
  - AFNetworking (4.0.1):
    - AFNetworking/NSURLSession (= 4.0.1)
    - AFNetworking/Reachability (= 4.0.1)
    - AFNetworking/Security (= 4.0.1)
    - AFNetworking/Serialization (= 4.0.1)
    - AFNetworking/UIKit (= 4.0.1)
  - AFNetworking/NSURLSession (4.0.1):
    - AFNetworking/Reachability
    - AFNetworking/Security
    - AFNetworking/Serialization
  - AFNetworking/Reachability (4.0.1)
  - AFNetworking/Security (4.0.1)
  - AFNetworking/Serialization (4.0.1)
  - AFNetworking/UIKit (4.0.1):
    - AFNetworking/NSURLSession
  - FCFileManager (1.0.20)
  - LYCategory (1.12.0)
  - LYCore (1.12.4):
    - AFNetworking (~> 4.0)
    - FCFileManager (~> 1.0.20)
    - LYCategory (~> 1.12)
    - Masonry (~> 1.1.0)
  - LYSoundtrack (1.12.0):
    - LYCategory (~> 1.12)
    - Masonry
  - Masonry (1.1.0)

DEPENDENCIES:
  - LYCore
  - LYSoundtrack (from `../`)

SPEC REPOS:
  trunk:
    - AFNetworking
    - FCFileManager
    - LYCategory
    - LYCore
    - Masonry

EXTERNAL SOURCES:
  LYSoundtrack:
    :path: "../"

SPEC CHECKSUMS:
  AFNetworking: 7864c38297c79aaca1500c33288e429c3451fdce
  FCFileManager: e0f73316e6aa2eb04d2ff4caa75fe7df1ae44270
  LYCategory: 8f347904040c575ba421d12be0445236dda940a7
  LYCore: 1bd3c74ef6607b37b817db132a159f251f04f561
  LYSoundtrack: 4fd025d48342722b3c0e195e581ecca5219ff7d1
  Masonry: 678fab65091a9290e40e2832a55e7ab731aad201

PODFILE CHECKSUM: 2690387daa566938a719803c127517b784e88758

COCOAPODS: 1.10.1
