PODS:
  - AFNetworking (4.0.1):
    - AFNetworking/NSURLSession (= 4.0.1)
    - AFNetworking/Reachability (= 4.0.1)
    - AFNetworking/Security (= 4.0.1)
    - AFNetworking/Serialization (= 4.0.1)
    - AFNetworking/UIKit (= 4.0.1)
  - AFNetworking/NSURLSession (4.0.1):
    - AFNetworking/Reachability
    - AFNetworking/Security
    - AFNetworking/Serialization
  - AFNetworking/Reachability (4.0.1)
  - AFNetworking/Security (4.0.1)
  - AFNetworking/Serialization (4.0.1)
  - AFNetworking/UIKit (4.0.1):
    - AFNetworking/NSURLSession
  - FCFileManager (1.0.20)
  - JLRoutes (2.1)
  - LYCategory (1.13.6)
  - LYCore (1.13.2):
    - AFNetworking (~> 4.0)
    - FCFileManager (~> 1.0.20)
    - JLRoutes (~> 2.1)
    - LYCategory (~> 1.12)
    - Masonry (~> 1.1.0)
  - LYSoundtrack (1.13.0):
    - LYCategory (~> 1.13)
    - Masonry
  - Masonry (1.1.0)

DEPENDENCIES:
  - LYCore
  - LYSoundtrack (from `../`)

SPEC REPOS:
  https://github.com/CocoaPods/Specs.git:
    - AFNetworking
    - FCFileManager
    - JLRoutes
    - LYCategory
    - LYCore
    - Masonry

EXTERNAL SOURCES:
  LYSoundtrack:
    :path: "../"

SPEC CHECKSUMS:
  AFNetworking: 7864c38297c79aaca1500c33288e429c3451fdce
  FCFileManager: e0f73316e6aa2eb04d2ff4caa75fe7df1ae44270
  JLRoutes: d755245322b94227662ea3e43492fdca94e05c5b
  LYCategory: 7c1726540f50e8f66d8cafe1e525d1c02d48449c
  LYCore: 58f57ba1a10ed78b6f7d4f715aa9f1b890608860
  LYSoundtrack: 640108b5e4845fadc61b7c2e0ecefc2e0096f6ac
  Masonry: 678fab65091a9290e40e2832a55e7ab731aad201

PODFILE CHECKSUM: 0aefc5d60485ed44e79a9e799b3a9237a5f089e8

COCOAPODS: 1.11.2
